github.com/gcpug/zagane v0.5.3 h1:NpiBWBbiMQjVaTYHzwWw657B4kDxTkkQxIhNhyk876A=
github.com/gcpug/zagane v0.5.3/go.mod h1:UWmiz1ZPYvx7iq1HBMravstfjgrwOrbSLs8D6fophwQ=
github.com/google/go-cmp v0.5.1/go.mod h1:v8dTdLbMG2kIc/vJvl+f65V22dbkXbowE6jgT/gNBxE=
github.com/google/go-cmp v0.5.2/go.mod h1:v8dTdLbMG2kIc/vJvl+f65V22dbkXbowE6jgT/gNBxE=
github.com/google/go-cmp v0.5.4/go.mod h1:v8dTdLbMG2kIc/vJvl+f65V22dbkXbowE6jgT/gNBxE=
github.com/google/go-cmp v0.6.0 h1:ofyhxvXcZhMsU5ulbFiLKl/XBFqE1GSq7atu8tAmTRI=
github.com/google/go-cmp v0.6.0/go.mod h1:17dUlkBOakJ0+DkrSSNjCkIjxS6bF9zb3elmeNGIjoY=
github.com/gostaticanalysis/analysisutil v0.0.0-20190329151158-56bca42c7635/go.mod h1:eEOZF4jCKGi+aprrirO9e7WKB3beBRtWgqGunKl6pKE=
github.com/gostaticanalysis/analysisutil v0.0.1/go.mod h1:eEOZF4jCKGi+aprrirO9e7WKB3beBRtWgqGunKl6pKE=
github.com/gostaticanalysis/analysisutil v0.0.2/go.mod h1:eEOZF4jCKGi+aprrirO9e7WKB3beBRtWgqGunKl6pKE=
github.com/gostaticanalysis/analysisutil v0.6.1/go.mod h1:18U/DLpRgIUd459wGxVHE0fRgmo1UgHDcbw7F5idXu0=
github.com/gostaticanalysis/analysisutil v0.6.2/go.mod h1:ioRD8K5ASNEZq1HIeEYdwRDLLvkv2Glh+iZnT/mHmg0=
github.com/gostaticanalysis/analysisutil v0.7.1 h1:ZMCjoue3DtDWQ5WyU16YbjbQEQ3VuzwxALrpYd+HeKk=
github.com/gostaticanalysis/analysisutil v0.7.1/go.mod h1:v21E3hY37WKMGSnbsw2S/ojApNWb6C1//mXO48CXbVc=
github.com/gostaticanalysis/builtinprint v0.0.0-20190928163048-1f45505defe8/go.mod h1:ueCLSDQVbVIlzYhUt+Xu8w3LrLl0zVoZmOXtutYcBk8=
github.com/gostaticanalysis/builtinprint v0.1.0 h1:XBbCNKhAZVd0XNcbhPyw/MZEYnitPK6S6hQrB4cXj1c=
github.com/gostaticanalysis/builtinprint v0.1.0/go.mod h1:ueCLSDQVbVIlzYhUt+Xu8w3LrLl0zVoZmOXtutYcBk8=
github.com/gostaticanalysis/comment v1.4.1/go.mod h1:ih6ZxzTHLdadaiSnF5WY3dxUoXfXAlTaRzuaNDlSado=
github.com/gostaticanalysis/comment v1.4.2 h1:hlnx5+S2fY9Zo9ePo4AhgYsYHbM2+eAv8m/s1JiCd6Q=
github.com/gostaticanalysis/comment v1.4.2/go.mod h1:KLUTGDv6HOCotCH8h2erHKmpci2ZoR8VPu34YA2uzdM=
github.com/gostaticanalysis/ctxfield v0.2.2 h1:Tn+qT9pDHAOqMrfXTS5nherKzyuw5IoXL2IO40K9rYI=
github.com/gostaticanalysis/ctxfield v0.2.2/go.mod h1:NVQHqxsl14/ZpDMhBj+VxqcaIa592zM/rys9Z8FC4CY=
github.com/gostaticanalysis/debugcode v0.1.1 h1:bUbWCG4hM9FCQhXryzKPT9wEvmPnGaQzWgYep7GSkUg=
github.com/gostaticanalysis/debugcode v0.1.1/go.mod h1:JhrzQx46DdtETnsz9VRXyOxVCWa2ctt3ymASdb/PgQQ=
github.com/gostaticanalysis/dupimport v0.0.0-20190626051117-37d4ab484168 h1:cdsyU5iNKqfi9S49vx5iWdUN7M+BfYxkdKP/7PSC1JQ=
github.com/gostaticanalysis/dupimport v0.0.0-20190626051117-37d4ab484168/go.mod h1:Q0Mbw2DZAbelG4gIScozrAqkRCb32kBsmx4Hu4DzFWA=
github.com/gostaticanalysis/elseless v0.1.0 h1:bMiJ4ZGMMkp1uUUqL1eyEE4FlCzdpG4GYz4af7BY1/U=
github.com/gostaticanalysis/elseless v0.1.0/go.mod h1:4b/D6CRKGVBD5zhYd9c1GvSOHFBSH64Qf2FZwzfcjWQ=
github.com/gostaticanalysis/exclude v0.1.0 h1:2DqJ1Cu14KC7IEWFhb9IxrOaifCjSGrTC1lXl7EVLI4=
github.com/gostaticanalysis/exclude v0.1.0/go.mod h1:rZIgjm5AN5h0BoyjOPvui8IRGWlCiLY9zTzF2MUZSKY=
github.com/gostaticanalysis/forcetypeassert v0.1.0 h1:6eUflI3DiGusXGK6X7cCcIgVCpZ2CiZ1Q7jl6ZxNV70=
github.com/gostaticanalysis/forcetypeassert v0.1.0/go.mod h1:qZEedyP/sY1lTGV1uJ3VhWZ2mqag3IkWsDHVbplHXak=
github.com/gostaticanalysis/ident v0.0.1 h1:LELn9RouFTA2Itg4b4f+uuZVxhjACQxMz1i3YK6yNcU=
github.com/gostaticanalysis/ident v0.0.1/go.mod h1:CdGcFBznRljXhnc4Fx6pXhoGag56l+e9WiSA4sevErk=
github.com/gostaticanalysis/importgroup v0.0.0-20200207005533-c968b39b7641 h1:zYHRvN30ahMFVEkyS3tvwhjVWZZk0TVOylHhpxu+EL4=
github.com/gostaticanalysis/importgroup v0.0.0-20200207005533-c968b39b7641/go.mod h1:hCBDchnAkf8k9AqjrhODL53rYA+01ASYhtJbs6nNiPk=
github.com/gostaticanalysis/innertypealias v0.1.1 h1:y0TrHvmLn76EL5HodrAakiSipCJg+iE5Wi2rvhGkKG0=
github.com/gostaticanalysis/innertypealias v0.1.1/go.mod h1:bxJxGHIMW1oH0y4gfuxOXDm0nKQUBeWIUsc28zMmJzU=
github.com/gostaticanalysis/loopdefer v0.1.0 h1:SYEleVBBkBx7OzzuWEoLlTJWgD/xhd/nSQ/Gg515caM=
github.com/gostaticanalysis/loopdefer v0.1.0/go.mod h1:7I9Ht5ecBZoTUmWqMuBQeFBbSELGGDgeL4VAgGShaCs=
github.com/gostaticanalysis/nilerr v0.1.1 h1:ThE+hJP0fEp4zWLkWHWcRyI2Od0p7DlgYG3Uqrmrcpk=
github.com/gostaticanalysis/nilerr v0.1.1/go.mod h1:wZYb6YI5YAxxq0i1+VJbY0s2YONW0HU0GPE3+5PWN4A=
github.com/gostaticanalysis/noctor v0.1.0 h1:ouBYsIsCRaeY9wrnoolTkDZYIisQNdUI4yNd9BAi4DI=
github.com/gostaticanalysis/noctor v0.1.0/go.mod h1:hlDuCDaUv1Ajwib6oXlvDrtqPgEA7MSM2Nb/bH/l7Zo=
github.com/gostaticanalysis/nofmt v0.0.0-20190308162339-35b38e0c7b48 h1:BXkvwyv02+0cXo+/qWHrbEjN1ZpdeG2SdnI1r1PR0N0=
github.com/gostaticanalysis/nofmt v0.0.0-20190308162339-35b38e0c7b48/go.mod h1:WDznvc31hWUkypHoQvD/A7c3sMqvLo4EtQMUp7RTfPk=
github.com/gostaticanalysis/notest v0.0.0-20190308173254-8cf418819436 h1:0ve41hnaX31CLBtWBl3tAMVOEysF9PFKnXXmh0dCRdM=
github.com/gostaticanalysis/notest v0.0.0-20190308173254-8cf418819436/go.mod h1:iSu+i6TJDuAbrOgSmSYkPLB/NLalMYiJ5NFqiGguwCk=
github.com/gostaticanalysis/skeletonkit v0.4.1 h1:22ImX8zqtjDGfvQZYwJvtVR6ff6JwG4jQLIigZGpNto=
github.com/gostaticanalysis/skeletonkit v0.4.1/go.mod h1:ep5WlFfwr3pi3erF3rcpyobHmyle9aLLbKCAacBRGc4=
github.com/gostaticanalysis/sqlrows v0.0.0-20231116101209-5091a5920ea6 h1:sKhizV8umeOyFU1dvGlojrrqVVF1+9K4r+Ba/TWJMEo=
github.com/gostaticanalysis/sqlrows v0.0.0-20231116101209-5091a5920ea6/go.mod h1:e1pmG/kyEnqo7xy7ZgrKgfMnqR07yFpDsvB/fMWnNq8=
github.com/gostaticanalysis/testhelper v0.1.2 h1:w0guK+kItbIOj1GPveMrec9tQFVWKgVOIgjJH9YQ0Pw=
github.com/gostaticanalysis/testhelper v0.1.2/go.mod h1:R7l64GUNSfRHkEKraTNWiuiXQry8/TW7Ac/i3r0q8ew=
github.com/gostaticanalysis/testutil v0.0.0-20190308165151-352061e1ba8c/go.mod h1:6dnfVtdzHaKguYhBO/9DQrWcGfyZocsw7IS/bLgaC/M=
github.com/gostaticanalysis/testutil v0.3.0/go.mod h1:trej6yCbjSFMyfa/YbAUKu4x6PvW8JSuZlMHnTLpqJc=
github.com/gostaticanalysis/testutil v0.3.1-0.20210208050101-bfb5c8eec0e4/go.mod h1:D+FIZ+7OahH3ePw/izIEeH5I06eKs1IKI4Xr64/Am3M=
github.com/gostaticanalysis/testutil v0.3.1/go.mod h1:D+FIZ+7OahH3ePw/izIEeH5I06eKs1IKI4Xr64/Am3M=
github.com/gostaticanalysis/testutil v0.4.0/go.mod h1:bLIoPefWXrRi/ssLFWX1dx7Repi5x3CuviD3dgAZaBU=
github.com/gostaticanalysis/typednil v0.1.2 h1:t4WUFkiw/JLZ3ZgfoZlBBAhS++nfVwdDjvk1aa3neJQ=
github.com/gostaticanalysis/typednil v0.1.2/go.mod h1:15JDP9q2BHvC+u6+W/gW9zxxQ5yDftRSpVuyFmeVbnM=
github.com/gostaticanalysis/typeswitch v0.0.0-20200129070600-0c79224605d6 h1:visJU4Kv4Z7feLZnQ9uV9+A2E0EtrYD58QriMP1nYjE=
github.com/gostaticanalysis/typeswitch v0.0.0-20200129070600-0c79224605d6/go.mod h1:j0m96roq+ru7H2EuJBie/V8kWCuIONwrDx6ysJqzCAs=
github.com/gostaticanalysis/unitconst v0.1.3 h1:kkMPGskoKMOFUAwBus9z1GgHfS/dOuW7u/K4s7jD2NY=
github.com/gostaticanalysis/unitconst v0.1.3/go.mod h1:Rm0VpqotgufUQrpGphgBO5ejvNCtqA1YbnxcTf9nb0I=
github.com/gostaticanalysis/unused v0.0.5 h1:7Y1U54r3kUG9yFLEqWpiZFdL2CxyIJI7CfnbCYhQqiM=
github.com/gostaticanalysis/unused v0.0.5/go.mod h1:SCEZphM9rdrzDbQr8/yeHfxYODH/u6GqkEoMzsHtD8o=
github.com/gostaticanalysis/wraperrfmt v0.0.0-20240719130650-49e514389db6 h1:9F0P4ga30lH8Ve4kC/jkCYmYci/Zh+UuZRurSi6fPE4=
github.com/gostaticanalysis/wraperrfmt v0.0.0-20240719130650-49e514389db6/go.mod h1:FtJ130sR16N3MBs5Vx+7wT55VCfTLdNdchJtjjEin+c=
github.com/gostaticanalysis/zapvet v0.3.1 h1:VmLci3HkBqmk2+I96PrhxTjhc3GQAj4+ecKTjTXlIfQ=
github.com/gostaticanalysis/zapvet v0.3.1/go.mod h1:5UDW2qN3I5i6hMbMZ96ZQ3dMmH0D0mWfxNvoSWTIaI0=
github.com/hashicorp/go-version v1.2.1/go.mod h1:fltr4n8CU8Ke44wwGCBoEymUuxUHl09ZGVZPK5anwXA=
github.com/josharian/mapfs v0.0.0-20210615234106-095c008854e6 h1:c+ctPFdISggaSNCfU1IueNBAsqetJSvMcpQlT+0OVdY=
github.com/josharian/mapfs v0.0.0-20210615234106-095c008854e6/go.mod h1:Rv/momJI8DgrWnBZip+SgagpcgORIZQE5SERlxNb8LY=
github.com/josharian/txtarfs v0.0.0-20210218200122-0702f000015a/go.mod h1:izVPOvVRsHiKkeGCT6tYBNWyDVuzj9wAaBb5R9qamfw=
github.com/josharian/txtarfs v0.0.0-20240408113805-5dc76b8fe6bf h1:ZWuoyLMwZvLJ6OHUhPq1sZHa37Pikt6DXkZPhhOBzEE=
github.com/josharian/txtarfs v0.0.0-20240408113805-5dc76b8fe6bf/go.mod h1:UbC32ft9G/jG+sZI8wLbIBNIrYr7vp/yqMDa9SxVBNA=
github.com/otiai10/copy v1.2.0/go.mod h1:rrF5dJ5F0t/EWSYODDu4j9/vEeYHMkc8jt0zJChqQWw=
github.com/otiai10/curr v0.0.0-20150429015615-9b4961190c95/go.mod h1:9qAhocn7zKJG+0mI8eUu6xqkFDYS2kb2saOteoSB3cE=
github.com/otiai10/curr v1.0.0/go.mod h1:LskTG5wDwr8Rs+nNQ+1LlxRjAtTZZjtJW4rMXl6j4vs=
github.com/otiai10/mint v1.3.0/go.mod h1:F5AjcsTsWUqX+Na9fpHb52P8pcRX2CI6A3ctIT91xUo=
github.com/otiai10/mint v1.3.1/go.mod h1:/yxELlJQ0ufhjUwhshSj+wFjZ78CnZ48/1wtmBH1OTc=
github.com/tenntenn/golden v0.2.0 h1:ENbHNS5P2Bcnh2QWQcwtNPDYnIvFGuK4lKVDkCq4AHs=
github.com/tenntenn/golden v0.2.0/go.mod h1:OB8A7xwUZ9xE19KXoOMPl223hhcH4uD8oeQS9fLTiEE=
github.com/tenntenn/modver v1.0.1/go.mod h1:bePIyQPb7UeioSRkw3Q0XeMhYZSMx9B8ePqg6SAMGH0=
github.com/tenntenn/tennvet v1.7.5 h1:iZAiwUUa7kgxouilANwBTTO3JFZavMJZXV+li0ilCGU=
github.com/tenntenn/tennvet v1.7.5/go.mod h1:mNK4F6u5hAUo8fXUP0MQsW1rCy9xKKqAJH47/o42c7A=
github.com/tenntenn/text/transform v0.0.0-20200319021203-7eef512accb3/go.mod h1:ON8b8w4BN/kE1EOhwT0o+d62W65a6aPw1nouo9LMgyY=
github.com/yuin/goldmark v1.1.32/go.mod h1:3hX8gzYuyVAZsxl0MRgGTJEmQBFcNTphYh9decYSb74=
github.com/yuin/goldmark v1.2.1/go.mod h1:3hX8gzYuyVAZsxl0MRgGTJEmQBFcNTphYh9decYSb74=
github.com/yuin/goldmark v1.3.5/go.mod h1:mwnBkeHKe2W/ZEtQ+71ViKU8L12m81fl3OWwC1Zlc8k=
golang.org/x/crypto v0.0.0-20190308221718-c2843e01d9a2/go.mod h1:djNgcEr1/C05ACkg1iLfiJU5Ep61QUkGW8qpdssI0+w=
golang.org/x/crypto v0.0.0-20191011191535-87dc89f01550/go.mod h1:yigFU9vqHzYiE8UmvKecakEJjdnWj3jj499lnFckfCI=
golang.org/x/crypto v0.0.0-20200622213623-75b288015ac9/go.mod h1:LzIPMQfyMNhhGPhUkYOs5KpL4U8rLKemX1yGLhDgUto=
golang.org/x/mod v0.1.1-0.20191105210325-c90efee705ee/go.mod h1:QqPTAvyqsEbceGzBzNggFXnrqF1CaUcvgkdR5Ot7KZg=
golang.org/x/mod v0.3.0/go.mod h1:s0Qsj1ACt9ePp/hMypM3fl4fZqREWJwdYDEqhRiZZUA=
golang.org/x/mod v0.4.1/go.mod h1:s0Qsj1ACt9ePp/hMypM3fl4fZqREWJwdYDEqhRiZZUA=
golang.org/x/mod v0.4.2/go.mod h1:s0Qsj1ACt9ePp/hMypM3fl4fZqREWJwdYDEqhRiZZUA=
golang.org/x/mod v0.22.0 h1:D4nJWe9zXqHOmWqj4VMOJhvzj7bEZg4wEYa759z1pH4=
golang.org/x/mod v0.22.0/go.mod h1:6SkKJ3Xj0I0BrPOZoBy3bdMptDDU9oJrpohJ3eWZ1fY=
golang.org/x/net v0.0.0-20190213061140-3a22650c66bd/go.mod h1:mL1N/T3taQHkDXs73rZJwtUhF3w3ftmwwsq0BUmARs4=
golang.org/x/net v0.0.0-20190311183353-d8887717615a/go.mod h1:t9HGtf8HONx5eT2rtn7q6eTqICYqUVnKs3thJo3Qplg=
golang.org/x/net v0.0.0-20190404232315-eb5bcb51f2a3/go.mod h1:t9HGtf8HONx5eT2rtn7q6eTqICYqUVnKs3thJo3Qplg=
golang.org/x/net v0.0.0-20190620200207-3b0461eec859/go.mod h1:z5CRVTTTmAJ677TzLLGU+0bjPO0LkuOLi4/5GtJWs/s=
golang.org/x/net v0.0.0-20200625001655-4c5254603344/go.mod h1:/O7V0waA8r7cgGh81Ro3o1hOxt32SMVPicZroKQ2sZA=
golang.org/x/net v0.0.0-20200822124328-c89045814202/go.mod h1:/O7V0waA8r7cgGh81Ro3o1hOxt32SMVPicZroKQ2sZA=
golang.org/x/net v0.0.0-20201021035429-f5854403a974/go.mod h1:sp8m0HH+o8qH0wwXwYZr8TS3Oi6o0r6Gce1SSxlDquU=
golang.org/x/net v0.0.0-20210405180319-a5a99cb37ef4/go.mod h1:p54w0d4576C0XHj96bSt6lcn1PtDYWL6XObtHCRCNQM=
golang.org/x/sync v0.0.0-20190423024810-112230192c58/go.mod h1:RxMgew5VJxzue5/jJTE5uejpjVlOe/izrB70Jof72aM=
golang.org/x/sync v0.0.0-20200625203802-6e8e738ad208/go.mod h1:RxMgew5VJxzue5/jJTE5uejpjVlOe/izrB70Jof72aM=
golang.org/x/sync v0.0.0-20201020160332-67f06af15bc9/go.mod h1:RxMgew5VJxzue5/jJTE5uejpjVlOe/izrB70Jof72aM=
golang.org/x/sync v0.0.0-20210220032951-036812b2e83c/go.mod h1:RxMgew5VJxzue5/jJTE5uejpjVlOe/izrB70Jof72aM=
golang.org/x/sync v0.9.0 h1:fEo0HyrW1GIgZdpbhCRO0PkJajUS5H9IFUztCgEo2jQ=
golang.org/x/sync v0.9.0/go.mod h1:Czt+wKu1gCyEFDUtn0jG5QVvpJ6rzVqr5aXyt9drQfk=
golang.org/x/sys v0.0.0-20190215142949-d0b11bdaac8a/go.mod h1:STP8DvDyc/dI5b8T5hshtkjS+E42TnysNCUPdjciGhY=
golang.org/x/sys v0.0.0-20190412213103-97732733099d/go.mod h1:h1NjWce9XRLGQEsW7wpKNCjG9DtNlClVuFLEZdDNbEs=
golang.org/x/sys v0.0.0-20200323222414-85ca7c5b95cd/go.mod h1:h1NjWce9XRLGQEsW7wpKNCjG9DtNlClVuFLEZdDNbEs=
golang.org/x/sys v0.0.0-20200930185726-fdedc70b468f/go.mod h1:h1NjWce9XRLGQEsW7wpKNCjG9DtNlClVuFLEZdDNbEs=
golang.org/x/sys v0.0.0-20201119102817-f84b799fce68/go.mod h1:h1NjWce9XRLGQEsW7wpKNCjG9DtNlClVuFLEZdDNbEs=
golang.org/x/sys v0.0.0-20210119212857-b64e53b001e4/go.mod h1:h1NjWce9XRLGQEsW7wpKNCjG9DtNlClVuFLEZdDNbEs=
golang.org/x/sys v0.0.0-20210124154548-22da62e12c0c/go.mod h1:h1NjWce9XRLGQEsW7wpKNCjG9DtNlClVuFLEZdDNbEs=
golang.org/x/sys v0.0.0-20210330210617-4fbd30eecc44/go.mod h1:h1NjWce9XRLGQEsW7wpKNCjG9DtNlClVuFLEZdDNbEs=
golang.org/x/sys v0.0.0-20210510120138-977fb7262007/go.mod h1:oPkhp1MJrh7nUepCBck5+mAzfO9JrbApNNgaTdGDITg=
golang.org/x/term v0.0.0-20201126162022-7de9c90e9dd1/go.mod h1:bj7SfCRtBDWHUb9snDiAeCFNEtKQo2Wmx5Cou7ajbmo=
golang.org/x/text v0.3.0/go.mod h1:NqM8EUOU14njkJ3fqMW+pc6Ldnwhi/IjpwHt7yyuwOQ=
golang.org/x/text v0.3.2/go.mod h1:bEr9sfX3Q8Zfm5fL9x+3itogRgK3+ptLWKqgva+5dAk=
golang.org/x/text v0.3.3/go.mod h1:5Zoc/QRtKVWzQhOtBMvqHzDpF6irO9z98xDceosuGiQ=
golang.org/x/tools v0.0.0-20180917221912-90fa682c2a6e/go.mod h1:n7NCudcB/nEzxVGmLbDWY5pfWTLqBcC2KZ6jyYvM4mQ=
golang.org/x/tools v0.0.0-20190307163923-6a08e3108db3/go.mod h1:25r3+/G6/xytQM8iWZKq3Hn0kr0rgFKPUNVEL/dr3z4=
golang.org/x/tools v0.0.0-20190308142131-b40df0fb21c3/go.mod h1:25r3+/G6/xytQM8iWZKq3Hn0kr0rgFKPUNVEL/dr3z4=
golang.org/x/tools v0.0.0-20190311215038-5c2858a9cfe5/go.mod h1:LCzVGOaR6xXOjkQ3onu1FJEFr0SW1gC7cKk1uF8kGRs=
golang.org/x/tools v0.0.0-20190321232350-e250d351ecad/go.mod h1:LCzVGOaR6xXOjkQ3onu1FJEFr0SW1gC7cKk1uF8kGRs=
golang.org/x/tools v0.0.0-20190401205534-4c644d7e323d/go.mod h1:LCzVGOaR6xXOjkQ3onu1FJEFr0SW1gC7cKk1uF8kGRs=
golang.org/x/tools v0.0.0-20190625160430-252024b82959/go.mod h1:/rFqwRUd4F7ZHNgwSSTFct+R/Kf4OFW1sUzUTQQTgfc=
golang.org/x/tools v0.0.0-20190703212419-2214986f1668/go.mod h1:jcCCGcm9btYwXyDqrUWc6MKQKKGJCWEQ3AfLSRIbEuI=
golang.org/x/tools v0.0.0-20191119224855-298f0cb1881e/go.mod h1:b+2E5dAYhXwXZwtnZ6UAqBI28+e2cm9otk0dWdXHAEo=
golang.org/x/tools v0.0.0-20200129045341-207d3de1faaf/go.mod h1:TB2adYChydJhpapKDTa4BR/hXlZSLoq2Wpct/0txZ28=
golang.org/x/tools v0.0.0-20200207001614-6fdc5776f4bb/go.mod h1:TB2adYChydJhpapKDTa4BR/hXlZSLoq2Wpct/0txZ28=
golang.org/x/tools v0.0.0-20200820010801-b793a1359eac/go.mod h1:njjCfa9FT2d7l9Bc6FUM5FLjQPp3cFF28FI3qnDFljA=
golang.org/x/tools v0.0.0-20200908211811-12e1bf57a112/go.mod h1:Cj7w3i3Rnn0Xh82ur9kSqwfTHTeVxaDqrfMjpcNT6bE=
golang.org/x/tools v0.0.0-20201023174141-c8cfbd0f21e6/go.mod h1:emZCQorbCU4vsT4fOWvOPXz4eW1wZW4PmDk9uLelYpA=
golang.org/x/tools v0.0.0-20201121010211-780cb80bd7fb/go.mod h1:emZCQorbCU4vsT4fOWvOPXz4eW1wZW4PmDk9uLelYpA=
golang.org/x/tools v0.1.0/go.mod h1:xkSsbof2nBLbhDlRMhhhyNLN/zl3eTqcnHD5viDpcZ0=
golang.org/x/tools v0.1.1-0.20210205202024-ef80cdb6ec6d/go.mod h1:9bzcO0MWcOuT0tm1iBGzDVPshzfwoVvREIui8C+MHqU=
golang.org/x/tools v0.1.1-0.20210302220138-2ac05c832e1a/go.mod h1:9bzcO0MWcOuT0tm1iBGzDVPshzfwoVvREIui8C+MHqU=
golang.org/x/tools v0.1.4/go.mod h1:o0xws9oXOQQZyjljx8fwUC0k7L1pTE6eaCbjGeHmOkk=
golang.org/x/tools v0.1.5/go.mod h1:o0xws9oXOQQZyjljx8fwUC0k7L1pTE6eaCbjGeHmOkk=
golang.org/x/tools v0.27.0 h1:qEKojBykQkQ4EynWy4S8Weg69NumxKdn40Fce3uc/8o=
golang.org/x/tools v0.27.0/go.mod h1:sUi0ZgbwW9ZPAq26Ekut+weQPR5eIM6GQLQ1Yjm1H0Q=
golang.org/x/xerrors v0.0.0-20190717185122-a985d3407aa7/go.mod h1:I/5z698sn9Ka8TeJc9MKroUUfqBBauWjQqLJ2OPfmY0=
golang.org/x/xerrors v0.0.0-20191011141410-1b5146add898/go.mod h1:I/5z698sn9Ka8TeJc9MKroUUfqBBauWjQqLJ2OPfmY0=
golang.org/x/xerrors v0.0.0-20191204190536-9bdfabe68543/go.mod h1:I/5z698sn9Ka8TeJc9MKroUUfqBBauWjQqLJ2OPfmY0=
golang.org/x/xerrors v0.0.0-20200804184101-5ec99f83aff1/go.mod h1:I/5z698sn9Ka8TeJc9MKroUUfqBBauWjQqLJ2OPfmY0=
